
Microsoft Visual Studio Solution File, Format Version 12.00
# Visual Studio Version 17
VisualStudioVersion = 17.9.34607.119
MinimumVisualStudioVersion = 10.0.40219.1
Project("{8BC9CEB8-8B4A-11D0-8D11-00A0C91BC942}") = "bai16,17,18", "bai16,17,18.vcxproj", "{4C96C9E6-2D25-47BA-BF50-B00207A85487}"
EndProject
Global
	GlobalSection(SolutionConfigurationPlatforms) = preSolution
		Debug|x64 = Debug|x64
		Debug|x86 = Debug|x86
		Release|x64 = Release|x64
		Release|x86 = Release|x86
	EndGlobalSection
	GlobalSection(ProjectConfigurationPlatforms) = postSolution
		{4C96C9E6-2D25-47BA-BF50-B00207A85487}.Debug|x64.ActiveCfg = Debug|x64
		{4C96C9E6-2D25-47BA-BF50-B00207A85487}.Debug|x64.Build.0 = Debug|x64
		{4C96C9E6-2D25-47BA-BF50-B00207A85487}.Debug|x86.ActiveCfg = Debug|Win32
		{4C96C9E6-2D25-47BA-BF50-B00207A85487}.Debug|x86.Build.0 = Debug|Win32
		{4C96C9E6-2D25-47BA-BF50-B00207A85487}.Release|x64.ActiveCfg = Release|x64
		{4C96C9E6-2D25-47BA-BF50-B00207A85487}.Release|x64.Build.0 = Release|x64
		{4C96C9E6-2D25-47BA-BF50-B00207A85487}.Release|x86.ActiveCfg = Release|Win32
		{4C96C9E6-2D25-47BA-BF50-B00207A85487}.Release|x86.Build.0 = Release|Win32
	EndGlobalSection
	GlobalSection(SolutionProperties) = preSolution
		HideSolutionNode = FALSE
	EndGlobalSection
	GlobalSection(ExtensibilityGlobals) = postSolution
		SolutionGuid = {DEB99B6D-F5C0-4F5C-9469-DB31C45321DD}
	EndGlobalSection
EndGlobal
